{
  "name": "personalportfolio",
  "version": "1.0.0",
  "lockfileVersion": 2,
  "requires": true,
  "packages": {
    "": {
      "name": "personalportfolio",
      "version": "1.0.0",
      "license": "ISC",
      "dependencies": {
        "bootstrap": "^5.2.0",
        "glider-js": "^1.7.7",
        "sweetalert2": "^11.4.28"
      }
    },
    "node_modules/@popperjs/core": {
      "version": "2.11.6",
      "resolved": "https://registry.npmjs.org/@popperjs/core/-/core-2.11.6.tgz",
      "integrity": "sha512-50/17A98tWUfQ176raKiOGXuYpLyyVMkxxG6oylzL3BPOlA6ADGdK7EYunSa4I064xerltq9TGXs8HmOk5E+vw==",
      "peer": true,
      "funding": {
        "type": "opencollective",
        "url": "https://opencollective.com/popperjs"
      }
    },
    "node_modules/bootstrap": {
      "version": "5.2.0",
      "resolved": "https://registry.npmjs.org/bootstrap/-/bootstrap-5.2.0.tgz",
      "integrity": "sha512-qlnS9GL6YZE6Wnef46GxGv1UpGGzAwO0aPL1yOjzDIJpeApeMvqV24iL+pjr2kU4dduoBA9fINKWKgMToobx9A==",
      "funding": [
        {
          "type": "github",
          "url": "https://github.com/sponsors/twbs"
        },
        {
          "type": "opencollective",
          "url": "https://opencollective.com/bootstrap"
        }
      ],
      "peerDependencies": {
        "@popperjs/core": "^2.11.5"
      }
    },
    "node_modules/glider-js": {
      "version": "1.7.7",
      "resolved": "https://registry.npmjs.org/glider-js/-/glider-js-1.7.7.tgz",
      "integrity": "sha512-jowNSpd/38EG0Kw83NgTo4F9YSAcpWQxBw0SFZcc2FysZD+dUuW/AcSeFU27rwGJilqdocKbw12IHOKi+DtpZw=="
    },
    "node_modules/sweetalert2": {
      "version": "11.4.28",
      "resolved": "https://registry.npmjs.org/sweetalert2/-/sweetalert2-11.4.28.tgz",
      "integrity": "sha512-leCf8Kc/o+R0LNWmLjWXI7l0roMchEHg6X+XibmfTYaOMvOoHXmoxmegHl0it+8vvvZlPIjzyfM6bYBOKTFnRg==",
      "funding": {
        "type": "individual",
        "url": "https://sweetalert2.github.io/#donations"
      }
    }
  },
  "dependencies": {
    "@popperjs/core": {
      "version": "2.11.6",
      "resolved": "https://registry.npmjs.org/@popperjs/core/-/core-2.11.6.tgz",
      "integrity": "sha512-50/17A98tWUfQ176raKiOGXuYpLyyVMkxxG6oylzL3BPOlA6ADGdK7EYunSa4I064xerltq9TGXs8HmOk5E+vw==",
      "peer": true
    },
    "bootstrap": {
      "version": "5.2.0",
      "resolved": "https://registry.npmjs.org/bootstrap/-/bootstrap-5.2.0.tgz",
      "integrity": "sha512-qlnS9GL6YZE6Wnef46GxGv1UpGGzAwO0aPL1yOjzDIJpeApeMvqV24iL+pjr2kU4dduoBA9fINKWKgMToobx9A==",
      "requires": {}
    },
    "glider-js": {
      "version": "1.7.7",
      "resolved": "https://registry.npmjs.org/glider-js/-/glider-js-1.7.7.tgz",
      "integrity": "sha512-jowNSpd/38EG0Kw83NgTo4F9YSAcpWQxBw0SFZcc2FysZD+dUuW/AcSeFU27rwGJilqdocKbw12IHOKi+DtpZw=="
    },
    "sweetalert2": {
      "version": "11.4.28",
      "resolved": "https://registry.npmjs.org/sweetalert2/-/sweetalert2-11.4.28.tgz",
      "integrity": "sha512-leCf8Kc/o+R0LNWmLjWXI7l0roMchEHg6X+XibmfTYaOMvOoHXmoxmegHl0it+8vvvZlPIjzyfM6bYBOKTFnRg=="
    }
  }
}
